
Microsoft Visual Studio Solution File, Format Version 12.00
# Visual Studio Version 16
VisualStudioVersion = 16.0.32413.511
MinimumVisualStudioVersion = 10.0.40219.1
Project("{FAE04EC0-301F-11D3-BF4B-00C04F79EFBC}") = "Wedding_Management", "Wedding_Management.csproj", "{32F89951-95EF-4237-8024-D0151BEA12BC}"
EndProject
Global
	GlobalSection(SolutionConfigurationPlatforms) = preSolution
		Debug|Any CPU = Debug|Any CPU
		Release|Any CPU = Release|Any CPU
	EndGlobalSection
	GlobalSection(ProjectConfigurationPlatforms) = postSolution
		{32F89951-95EF-4237-8024-D0151BEA12BC}.Debug|Any CPU.ActiveCfg = Debug|Any CPU
		{32F89951-95EF-4237-8024-D0151BEA12BC}.Debug|Any CPU.Build.0 = Debug|Any CPU
		{32F89951-95EF-4237-8024-D0151BEA12BC}.Release|Any CPU.ActiveCfg = Release|Any CPU
		{32F89951-95EF-4237-8024-D0151BEA12BC}.Release|Any CPU.Build.0 = Release|Any CPU
	EndGlobalSection
	GlobalSection(SolutionProperties) = preSolution
		HideSolutionNode = FALSE
	EndGlobalSection
	GlobalSection(ExtensibilityGlobals) = postSolution
		SolutionGuid = {8AFBBE49-7F0C-4249-A0FA-D7215F2763F7}
	EndGlobalSection
EndGlobal
